{
  "requires": true,
  "lockfileVersion": 1,
  "dependencies": {
    "@xboxtracer/ajs": {
      "version": "1.0.0",
      "resolved": "https://npm.pkg.github.com/download/@xboxtracer/ajs/1.0.0/34fe784b76421ced3007cd265affbddbe8b8099f3d032821dd8ccb3831638224",
      "integrity": "sha512-IIug8TixR7/E/8SwWF4gUUpe6bKD27/QhKw2AUgaIrdiyDW6ed1CnqeIyHmwccSI8WUkHmjVs4eLVuWRM+S/hQ=="
    }
  }
}
